// !$*UTF8*$!
{
	archiveVersion = 1;
	classes = {
	};
	objectVersion = 46;
	objects = {

/* Begin PBXBuildFile section */
		520379BB1DB26AB400D3B5D3 /* main.m in Sources */ = {isa = PBXBuildFile; fileRef = 520379BA1DB26AB400D3B5D3 /* main.m */; };
		520379BE1DB26AB400D3B5D3 /* AppDelegate.m in Sources */ = {isa = PBXBuildFile; fileRef = 520379BD1DB26AB400D3B5D3 /* AppDelegate.m */; };
		520379C71DB26AB400D3B5D3 /* Zolotoe_shitvo.xcdatamodeld in Sources */ = {isa = PBXBuildFile; fileRef = 520379C51DB26AB400D3B5D3 /* Zolotoe_shitvo.xcdatamodeld */; };
		520379C91DB26AB400D3B5D3 /* Assets.xcassets in Resources */ = {isa = PBXBuildFile; fileRef = 520379C81DB26AB400D3B5D3 /* Assets.xcassets */; };
		520379D71DB26AB400D3B5D3 /* Zolotoe_shitvoTests.m in Sources */ = {isa = PBXBuildFile; fileRef = 520379D61DB26AB400D3B5D3 /* Zolotoe_shitvoTests.m */; };
		520379E21DB26AB400D3B5D3 /* Zolotoe_shitvoUITests.m in Sources */ = {isa = PBXBuildFile; fileRef = 520379E11DB26AB400D3B5D3 /* Zolotoe_shitvoUITests.m */; };
		520379F21DB4065D00D3B5D3 /* Launch Screen.storyboard in Resources */ = {isa = PBXBuildFile; fileRef = 520379F11DB4065D00D3B5D3 /* Launch Screen.storyboard */; };
		527C43721DD773C5005808D1 /* SiSTabBarControllerViewController.m in Sources */ = {isa = PBXBuildFile; fileRef = 527C43711DD773C5005808D1 /* SiSTabBarControllerViewController.m */; };
		527C43751DD79680005808D1 /* SiSUITabBarItem.m in Sources */ = {isa = PBXBuildFile; fileRef = 527C43741DD79680005808D1 /* SiSUITabBarItem.m */; };
		527C43781DD797DE005808D1 /* SiSAboutUsViewController.m in Sources */ = {isa = PBXBuildFile; fileRef = 527C43771DD797DE005808D1 /* SiSAboutUsViewController.m */; };
		52CFB4971E3FC3F100870719 /* SiSContactsViewController.m in Sources */ = {isa = PBXBuildFile; fileRef = 52CFB4961E3FC3F100870719 /* SiSContactsViewController.m */; };
		57023DFF1DD31BCB0045FA60 /* SiSServerManager.m in Sources */ = {isa = PBXBuildFile; fileRef = 57023DFE1DD31BCB0045FA60 /* SiSServerManager.m */; };
		57023E041DD321F20045FA60 /* SiSPersistentManager.m in Sources */ = {isa = PBXBuildFile; fileRef = 57023E031DD321F20045FA60 /* SiSPersistentManager.m */; };
		57023E071DD32A450045FA60 /* SiSProduct.m in Sources */ = {isa = PBXBuildFile; fileRef = 57023E061DD32A450045FA60 /* SiSProduct.m */; };
		5704836D1DD45836000FAD01 /* SiSCategoriesViewController.m in Sources */ = {isa = PBXBuildFile; fileRef = 5704836C1DD45836000FAD01 /* SiSCategoriesViewController.m */; };
		570483741DD46168000FAD01 /* SiSCollectionViewCell.m in Sources */ = {isa = PBXBuildFile; fileRef = 570483731DD46168000FAD01 /* SiSCollectionViewCell.m */; };
		570C6F831DD51A9C007F2855 /* Izhitsa Normal.Ttf in Resources */ = {isa = PBXBuildFile; fileRef = 570C6F821DD51A69007F2855 /* Izhitsa Normal.Ttf */; };
		57112AAA1E447B190043209D /* SiSCategoriesViewCell.m in Sources */ = {isa = PBXBuildFile; fileRef = 57112AA91E447B190043209D /* SiSCategoriesViewCell.m */; };
		57112AAD1E447C7A0043209D /* SiSOneCategoryTableViewController.m in Sources */ = {isa = PBXBuildFile; fileRef = 57112AAC1E447C7A0043209D /* SiSOneCategoryTableViewController.m */; };
		57FD13C71DD1DD410086AA1E /* SiSFirstViewController.m in Sources */ = {isa = PBXBuildFile; fileRef = 57FD13C61DD1DD410086AA1E /* SiSFirstViewController.m */; };
		57FD13C91DD1E5E30086AA1E /* Main.storyboard in Resources */ = {isa = PBXBuildFile; fileRef = 57FD13C81DD1E5E30086AA1E /* Main.storyboard */; };
		D9FBD0470D0F7C6F5616D6E4 /* libPods-Zolotoe_shitvo.a in Frameworks */ = {isa = PBXBuildFile; fileRef = 537D011F5C4EA45BD7F25DCB /* libPods-Zolotoe_shitvo.a */; };
/* End PBXBuildFile section */

/* Begin PBXContainerItemProxy section */
		520379D31DB26AB400D3B5D3 /* PBXContainerItemProxy */ = {
			isa = PBXContainerItemProxy;
			containerPortal = 520379AE1DB26AB400D3B5D3 /* Project object */;
			proxyType = 1;
			remoteGlobalIDString = 520379B51DB26AB400D3B5D3;
			remoteInfo = Zolotoe_shitvo;
		};
		520379DE1DB26AB400D3B5D3 /* PBXContainerItemProxy */ = {
			isa = PBXContainerItemProxy;
			containerPortal = 520379AE1DB26AB400D3B5D3 /* Project object */;
			proxyType = 1;
			remoteGlobalIDString = 520379B51DB26AB400D3B5D3;
			remoteInfo = Zolotoe_shitvo;
		};
/* End PBXContainerItemProxy section */

/* Begin PBXFileReference section */
		48FF9C07C686B599694D6794 /* Pods-Zolotoe_shitvo.release.xcconfig */ = {isa = PBXFileReference; includeInIndex = 1; lastKnownFileType = text.xcconfig; name = "Pods-Zolotoe_shitvo.release.xcconfig"; path = "Pods/Target Support Files/Pods-Zolotoe_shitvo/Pods-Zolotoe_shitvo.release.xcconfig"; sourceTree = "<group>"; };
		520187181E43BFCC0021A8A2 /* HelveticaRoundedLTStd-Bd.otf */ = {isa = PBXFileReference; lastKnownFileType = file; path = "HelveticaRoundedLTStd-Bd.otf"; sourceTree = "<group>"; };
		520379B61DB26AB400D3B5D3 /* Zolotoe_shitvo.app */ = {isa = PBXFileReference; explicitFileType = wrapper.application; includeInIndex = 0; path = Zolotoe_shitvo.app; sourceTree = BUILT_PRODUCTS_DIR; };
		520379BA1DB26AB400D3B5D3 /* main.m */ = {isa = PBXFileReference; lastKnownFileType = sourcecode.c.objc; path = main.m; sourceTree = "<group>"; };
		520379BC1DB26AB400D3B5D3 /* AppDelegate.h */ = {isa = PBXFileReference; lastKnownFileType = sourcecode.c.h; path = AppDelegate.h; sourceTree = "<group>"; };
		520379BD1DB26AB400D3B5D3 /* AppDelegate.m */ = {isa = PBXFileReference; lastKnownFileType = sourcecode.c.objc; path = AppDelegate.m; sourceTree = "<group>"; };
		520379C61DB26AB400D3B5D3 /* Zolotoe_shitvo.xcdatamodel */ = {isa = PBXFileReference; lastKnownFileType = wrapper.xcdatamodel; path = Zolotoe_shitvo.xcdatamodel; sourceTree = "<group>"; };
		520379C81DB26AB400D3B5D3 /* Assets.xcassets */ = {isa = PBXFileReference; lastKnownFileType = folder.assetcatalog; path = Assets.xcassets; sourceTree = "<group>"; };
		520379CD1DB26AB400D3B5D3 /* Info.plist */ = {isa = PBXFileReference; lastKnownFileType = text.plist.xml; path = Info.plist; sourceTree = "<group>"; };
		520379D21DB26AB400D3B5D3 /* Zolotoe_shitvoTests.xctest */ = {isa = PBXFileReference; explicitFileType = wrapper.cfbundle; includeInIndex = 0; path = Zolotoe_shitvoTests.xctest; sourceTree = BUILT_PRODUCTS_DIR; };
		520379D61DB26AB400D3B5D3 /* Zolotoe_shitvoTests.m */ = {isa = PBXFileReference; lastKnownFileType = sourcecode.c.objc; path = Zolotoe_shitvoTests.m; sourceTree = "<group>"; };
		520379D81DB26AB400D3B5D3 /* Info.plist */ = {isa = PBXFileReference; lastKnownFileType = text.plist.xml; path = Info.plist; sourceTree = "<group>"; };
		520379DD1DB26AB400D3B5D3 /* Zolotoe_shitvoUITests.xctest */ = {isa = PBXFileReference; explicitFileType = wrapper.cfbundle; includeInIndex = 0; path = Zolotoe_shitvoUITests.xctest; sourceTree = BUILT_PRODUCTS_DIR; };
		520379E11DB26AB400D3B5D3 /* Zolotoe_shitvoUITests.m */ = {isa = PBXFileReference; lastKnownFileType = sourcecode.c.objc; path = Zolotoe_shitvoUITests.m; sourceTree = "<group>"; };
		520379E31DB26AB400D3B5D3 /* Info.plist */ = {isa = PBXFileReference; lastKnownFileType = text.plist.xml; path = Info.plist; sourceTree = "<group>"; };
		520379F11DB4065D00D3B5D3 /* Launch Screen.storyboard */ = {isa = PBXFileReference; fileEncoding = 4; lastKnownFileType = file.storyboard; path = "Launch Screen.storyboard"; sourceTree = "<group>"; };
		527C43701DD773C5005808D1 /* SiSTabBarControllerViewController.h */ = {isa = PBXFileReference; fileEncoding = 4; lastKnownFileType = sourcecode.c.h; path = SiSTabBarControllerViewController.h; sourceTree = "<group>"; };
		527C43711DD773C5005808D1 /* SiSTabBarControllerViewController.m */ = {isa = PBXFileReference; fileEncoding = 4; lastKnownFileType = sourcecode.c.objc; path = SiSTabBarControllerViewController.m; sourceTree = "<group>"; };
		527C43731DD79680005808D1 /* SiSUITabBarItem.h */ = {isa = PBXFileReference; fileEncoding = 4; lastKnownFileType = sourcecode.c.h; path = SiSUITabBarItem.h; sourceTree = "<group>"; };
		527C43741DD79680005808D1 /* SiSUITabBarItem.m */ = {isa = PBXFileReference; fileEncoding = 4; lastKnownFileType = sourcecode.c.objc; path = SiSUITabBarItem.m; sourceTree = "<group>"; };
		527C43761DD797DE005808D1 /* SiSAboutUsViewController.h */ = {isa = PBXFileReference; fileEncoding = 4; lastKnownFileType = sourcecode.c.h; path = SiSAboutUsViewController.h; sourceTree = "<group>"; };
		527C43771DD797DE005808D1 /* SiSAboutUsViewController.m */ = {isa = PBXFileReference; fileEncoding = 4; lastKnownFileType = sourcecode.c.objc; path = SiSAboutUsViewController.m; sourceTree = "<group>"; };
		52CFB4951E3FC3F100870719 /* SiSContactsViewController.h */ = {isa = PBXFileReference; fileEncoding = 4; lastKnownFileType = sourcecode.c.h; path = SiSContactsViewController.h; sourceTree = "<group>"; };
		52CFB4961E3FC3F100870719 /* SiSContactsViewController.m */ = {isa = PBXFileReference; fileEncoding = 4; lastKnownFileType = sourcecode.c.objc; path = SiSContactsViewController.m; sourceTree = "<group>"; };
		52CFB4981E43839300870719 /* TT0756M_.TTF */ = {isa = PBXFileReference; lastKnownFileType = file; path = TT0756M_.TTF; sourceTree = "<group>"; };
		537D011F5C4EA45BD7F25DCB /* libPods-Zolotoe_shitvo.a */ = {isa = PBXFileReference; explicitFileType = archive.ar; includeInIndex = 0; path = "libPods-Zolotoe_shitvo.a"; sourceTree = BUILT_PRODUCTS_DIR; };
		57023DFD1DD31BCB0045FA60 /* SiSServerManager.h */ = {isa = PBXFileReference; fileEncoding = 4; lastKnownFileType = sourcecode.c.h; path = SiSServerManager.h; sourceTree = "<group>"; };
		57023DFE1DD31BCB0045FA60 /* SiSServerManager.m */ = {isa = PBXFileReference; fileEncoding = 4; lastKnownFileType = sourcecode.c.objc; path = SiSServerManager.m; sourceTree = "<group>"; };
		57023E021DD321F20045FA60 /* SiSPersistentManager.h */ = {isa = PBXFileReference; fileEncoding = 4; lastKnownFileType = sourcecode.c.h; path = SiSPersistentManager.h; sourceTree = "<group>"; };
		57023E031DD321F20045FA60 /* SiSPersistentManager.m */ = {isa = PBXFileReference; fileEncoding = 4; lastKnownFileType = sourcecode.c.objc; path = SiSPersistentManager.m; sourceTree = "<group>"; };
		57023E051DD32A450045FA60 /* SiSProduct.h */ = {isa = PBXFileReference; fileEncoding = 4; lastKnownFileType = sourcecode.c.h; path = SiSProduct.h; sourceTree = "<group>"; };
		57023E061DD32A450045FA60 /* SiSProduct.m */ = {isa = PBXFileReference; fileEncoding = 4; lastKnownFileType = sourcecode.c.objc; path = SiSProduct.m; sourceTree = "<group>"; };
		5704836B1DD45836000FAD01 /* SiSCategoriesViewController.h */ = {isa = PBXFileReference; fileEncoding = 4; lastKnownFileType = sourcecode.c.h; path = SiSCategoriesViewController.h; sourceTree = "<group>"; };
		5704836C1DD45836000FAD01 /* SiSCategoriesViewController.m */ = {isa = PBXFileReference; fileEncoding = 4; lastKnownFileType = sourcecode.c.objc; path = SiSCategoriesViewController.m; sourceTree = "<group>"; };
		570483721DD46168000FAD01 /* SiSCollectionViewCell.h */ = {isa = PBXFileReference; fileEncoding = 4; lastKnownFileType = sourcecode.c.h; path = SiSCollectionViewCell.h; sourceTree = "<group>"; };
		570483731DD46168000FAD01 /* SiSCollectionViewCell.m */ = {isa = PBXFileReference; fileEncoding = 4; lastKnownFileType = sourcecode.c.objc; path = SiSCollectionViewCell.m; sourceTree = "<group>"; };
		570C6F821DD51A69007F2855 /* Izhitsa Normal.Ttf */ = {isa = PBXFileReference; lastKnownFileType = file; path = "Izhitsa Normal.Ttf"; sourceTree = "<group>"; };
		57112AA81E447B190043209D /* SiSCategoriesViewCell.h */ = {isa = PBXFileReference; fileEncoding = 4; lastKnownFileType = sourcecode.c.h; path = SiSCategoriesViewCell.h; sourceTree = "<group>"; };
		57112AA91E447B190043209D /* SiSCategoriesViewCell.m */ = {isa = PBXFileReference; fileEncoding = 4; lastKnownFileType = sourcecode.c.objc; path = SiSCategoriesViewCell.m; sourceTree = "<group>"; };
		57112AAB1E447C7A0043209D /* SiSOneCategoryTableViewController.h */ = {isa = PBXFileReference; fileEncoding = 4; lastKnownFileType = sourcecode.c.h; path = SiSOneCategoryTableViewController.h; sourceTree = "<group>"; };
		57112AAC1E447C7A0043209D /* SiSOneCategoryTableViewController.m */ = {isa = PBXFileReference; fileEncoding = 4; lastKnownFileType = sourcecode.c.objc; path = SiSOneCategoryTableViewController.m; sourceTree = "<group>"; };
		57FD13C51DD1DD410086AA1E /* SiSFirstViewController.h */ = {isa = PBXFileReference; fileEncoding = 4; lastKnownFileType = sourcecode.c.h; path = SiSFirstViewController.h; sourceTree = "<group>"; };
		57FD13C61DD1DD410086AA1E /* SiSFirstViewController.m */ = {isa = PBXFileReference; fileEncoding = 4; lastKnownFileType = sourcecode.c.objc; path = SiSFirstViewController.m; sourceTree = "<group>"; };
		57FD13C81DD1E5E30086AA1E /* Main.storyboard */ = {isa = PBXFileReference; fileEncoding = 4; lastKnownFileType = file.storyboard; path = Main.storyboard; sourceTree = "<group>"; };
		FA83573B06462A34769ECE95 /* Pods-Zolotoe_shitvo.debug.xcconfig */ = {isa = PBXFileReference; includeInIndex = 1; lastKnownFileType = text.xcconfig; name = "Pods-Zolotoe_shitvo.debug.xcconfig"; path = "Pods/Target Support Files/Pods-Zolotoe_shitvo/Pods-Zolotoe_shitvo.debug.xcconfig"; sourceTree = "<group>"; };
/* End PBXFileReference section */

/* Begin PBXFrameworksBuildPhase section */
		520379B31DB26AB400D3B5D3 /* Frameworks */ = {
			isa = PBXFrameworksBuildPhase;
			buildActionMask = 2147483647;
			files = (
				D9FBD0470D0F7C6F5616D6E4 /* libPods-Zolotoe_shitvo.a in Frameworks */,
			);
			runOnlyForDeploymentPostprocessing = 0;
		};
		520379CF1DB26AB400D3B5D3 /* Frameworks */ = {
			isa = PBXFrameworksBuildPhase;
			buildActionMask = 2147483647;
			files = (
			);
			runOnlyForDeploymentPostprocessing = 0;
		};
		520379DA1DB26AB400D3B5D3 /* Frameworks */ = {
			isa = PBXFrameworksBuildPhase;
			buildActionMask = 2147483647;
			files = (
			);
			runOnlyForDeploymentPostprocessing = 0;
		};
/* End PBXFrameworksBuildPhase section */

/* Begin PBXGroup section */
		2A5192BA8CD528D42A148ABC /* Frameworks */ = {
			isa = PBXGroup;
			children = (
				537D011F5C4EA45BD7F25DCB /* libPods-Zolotoe_shitvo.a */,
			);
			name = Frameworks;
			sourceTree = "<group>";
		};
		520379AD1DB26AB400D3B5D3 = {
			isa = PBXGroup;
			children = (
				520379B81DB26AB400D3B5D3 /* Zolotoe_shitvo */,
				520379D51DB26AB400D3B5D3 /* Zolotoe_shitvoTests */,
				520379E01DB26AB400D3B5D3 /* Zolotoe_shitvoUITests */,
				520379B71DB26AB400D3B5D3 /* Products */,
				CE333FE33EFCAD6E49156F4A /* Pods */,
				2A5192BA8CD528D42A148ABC /* Frameworks */,
			);
			sourceTree = "<group>";
		};
		520379B71DB26AB400D3B5D3 /* Products */ = {
			isa = PBXGroup;
			children = (
				520379B61DB26AB400D3B5D3 /* Zolotoe_shitvo.app */,
				520379D21DB26AB400D3B5D3 /* Zolotoe_shitvoTests.xctest */,
				520379DD1DB26AB400D3B5D3 /* Zolotoe_shitvoUITests.xctest */,
			);
			name = Products;
			sourceTree = "<group>";
		};
		520379B81DB26AB400D3B5D3 /* Zolotoe_shitvo */ = {
			isa = PBXGroup;
			children = (
				520379BC1DB26AB400D3B5D3 /* AppDelegate.h */,
				520379BD1DB26AB400D3B5D3 /* AppDelegate.m */,
				57023E081DD32A4D0045FA60 /* Model */,
				57023E011DD31BDA0045FA60 /* Controllers */,
				5704836E1DD45E92000FAD01 /* Views */,
				57023E001DD31BCF0045FA60 /* API */,
				57FD13C81DD1E5E30086AA1E /* Main.storyboard */,
				520379C81DB26AB400D3B5D3 /* Assets.xcassets */,
				520379F11DB4065D00D3B5D3 /* Launch Screen.storyboard */,
				570C6F821DD51A69007F2855 /* Izhitsa Normal.Ttf */,
				52CFB4981E43839300870719 /* TT0756M_.TTF */,
				520187181E43BFCC0021A8A2 /* HelveticaRoundedLTStd-Bd.otf */,
				520379CD1DB26AB400D3B5D3 /* Info.plist */,
				520379C51DB26AB400D3B5D3 /* Zolotoe_shitvo.xcdatamodeld */,
				520379B91DB26AB400D3B5D3 /* Supporting Files */,
			);
			path = Zolotoe_shitvo;
			sourceTree = "<group>";
		};
		520379B91DB26AB400D3B5D3 /* Supporting Files */ = {
			isa = PBXGroup;
			children = (
				520379BA1DB26AB400D3B5D3 /* main.m */,
			);
			name = "Supporting Files";
			sourceTree = "<group>";
		};
		520379D51DB26AB400D3B5D3 /* Zolotoe_shitvoTests */ = {
			isa = PBXGroup;
			children = (
				520379D61DB26AB400D3B5D3 /* Zolotoe_shitvoTests.m */,
				520379D81DB26AB400D3B5D3 /* Info.plist */,
			);
			path = Zolotoe_shitvoTests;
			sourceTree = "<group>";
		};
		520379E01DB26AB400D3B5D3 /* Zolotoe_shitvoUITests */ = {
			isa = PBXGroup;
			children = (
				520379E11DB26AB400D3B5D3 /* Zolotoe_shitvoUITests.m */,
				520379E31DB26AB400D3B5D3 /* Info.plist */,
			);
			path = Zolotoe_shitvoUITests;
			sourceTree = "<group>";
		};
		57023E001DD31BCF0045FA60 /* API */ = {
			isa = PBXGroup;
			children = (
				57023DFD1DD31BCB0045FA60 /* SiSServerManager.h */,
				57023DFE1DD31BCB0045FA60 /* SiSServerManager.m */,
				57023E021DD321F20045FA60 /* SiSPersistentManager.h */,
				57023E031DD321F20045FA60 /* SiSPersistentManager.m */,
			);
			name = API;
			sourceTree = "<group>";
		};
		57023E011DD31BDA0045FA60 /* Controllers */ = {
			isa = PBXGroup;
			children = (
				57FD13C51DD1DD410086AA1E /* SiSFirstViewController.h */,
				57FD13C61DD1DD410086AA1E /* SiSFirstViewController.m */,
				5704836B1DD45836000FAD01 /* SiSCategoriesViewController.h */,
				5704836C1DD45836000FAD01 /* SiSCategoriesViewController.m */,
				57112AAB1E447C7A0043209D /* SiSOneCategoryTableViewController.h */,
				57112AAC1E447C7A0043209D /* SiSOneCategoryTableViewController.m */,
				527C43701DD773C5005808D1 /* SiSTabBarControllerViewController.h */,
				527C43711DD773C5005808D1 /* SiSTabBarControllerViewController.m */,
				527C43761DD797DE005808D1 /* SiSAboutUsViewController.h */,
				527C43771DD797DE005808D1 /* SiSAboutUsViewController.m */,
				52CFB4951E3FC3F100870719 /* SiSContactsViewController.h */,
				52CFB4961E3FC3F100870719 /* SiSContactsViewController.m */,
			);
			name = Controllers;
			sourceTree = "<group>";
		};
		57023E081DD32A4D0045FA60 /* Model */ = {
			isa = PBXGroup;
			children = (
				57023E051DD32A450045FA60 /* SiSProduct.h */,
				57023E061DD32A450045FA60 /* SiSProduct.m */,
				570483721DD46168000FAD01 /* SiSCollectionViewCell.h */,
				570483731DD46168000FAD01 /* SiSCollectionViewCell.m */,
				57112AA81E447B190043209D /* SiSCategoriesViewCell.h */,
				57112AA91E447B190043209D /* SiSCategoriesViewCell.m */,
				527C43731DD79680005808D1 /* SiSUITabBarItem.h */,
				527C43741DD79680005808D1 /* SiSUITabBarItem.m */,
			);
			name = Model;
			sourceTree = "<group>";
		};
		5704836E1DD45E92000FAD01 /* Views */ = {
			isa = PBXGroup;
			children = (
			);
			name = Views;
			sourceTree = "<group>";
		};
		CE333FE33EFCAD6E49156F4A /* Pods */ = {
			isa = PBXGroup;
			children = (
				FA83573B06462A34769ECE95 /* Pods-Zolotoe_shitvo.debug.xcconfig */,
				48FF9C07C686B599694D6794 /* Pods-Zolotoe_shitvo.release.xcconfig */,
			);
			name = Pods;
			sourceTree = "<group>";
		};
/* End PBXGroup section */

/* Begin PBXNativeTarget section */
		520379B51DB26AB400D3B5D3 /* Zolotoe_shitvo */ = {
			isa = PBXNativeTarget;
			buildConfigurationList = 520379E61DB26AB400D3B5D3 /* Build configuration list for PBXNativeTarget "Zolotoe_shitvo" */;
			buildPhases = (
				514DC8FADA753561DF0125DE /* [CP] Check Pods Manifest.lock */,
				520379B21DB26AB400D3B5D3 /* Sources */,
				520379B31DB26AB400D3B5D3 /* Frameworks */,
				520379B41DB26AB400D3B5D3 /* Resources */,
				04D1F420C8063F9EB1641C47 /* [CP] Embed Pods Frameworks */,
				C203955E35AE2361197B2EAA /* [CP] Copy Pods Resources */,
			);
			buildRules = (
			);
			dependencies = (
			);
			name = Zolotoe_shitvo;
			productName = Zolotoe_shitvo;
			productReference = 520379B61DB26AB400D3B5D3 /* Zolotoe_shitvo.app */;
			productType = "com.apple.product-type.application";
		};
		520379D11DB26AB400D3B5D3 /* Zolotoe_shitvoTests */ = {
			isa = PBXNativeTarget;
			buildConfigurationList = 520379E91DB26AB400D3B5D3 /* Build configuration list for PBXNativeTarget "Zolotoe_shitvoTests" */;
			buildPhases = (
				520379CE1DB26AB400D3B5D3 /* Sources */,
				520379CF1DB26AB400D3B5D3 /* Frameworks */,
				520379D01DB26AB400D3B5D3 /* Resources */,
			);
			buildRules = (
			);
			dependencies = (
				520379D41DB26AB400D3B5D3 /* PBXTargetDependency */,
			);
			name = Zolotoe_shitvoTests;
			productName = Zolotoe_shitvoTests;
			productReference = 520379D21DB26AB400D3B5D3 /* Zolotoe_shitvoTests.xctest */;
			productType = "com.apple.product-type.bundle.unit-test";
		};
		520379DC1DB26AB400D3B5D3 /* Zolotoe_shitvoUITests */ = {
			isa = PBXNativeTarget;
			buildConfigurationList = 520379EC1DB26AB400D3B5D3 /* Build configuration list for PBXNativeTarget "Zolotoe_shitvoUITests" */;
			buildPhases = (
				520379D91DB26AB400D3B5D3 /* Sources */,
				520379DA1DB26AB400D3B5D3 /* Frameworks */,
				520379DB1DB26AB400D3B5D3 /* Resources */,
			);
			buildRules = (
			);
			dependencies = (
				520379DF1DB26AB400D3B5D3 /* PBXTargetDependency */,
			);
			name = Zolotoe_shitvoUITests;
			productName = Zolotoe_shitvoUITests;
			productReference = 520379DD1DB26AB400D3B5D3 /* Zolotoe_shitvoUITests.xctest */;
			productType = "com.apple.product-type.bundle.ui-testing";
		};
/* End PBXNativeTarget section */

/* Begin PBXProject section */
		520379AE1DB26AB400D3B5D3 /* Project object */ = {
			isa = PBXProject;
			attributes = {
				CLASSPREFIX = SiS;
				LastUpgradeCheck = 0810;
				ORGANIZATIONNAME = "Stanly Shiyanovskiy";
				TargetAttributes = {
					520379B51DB26AB400D3B5D3 = {
						CreatedOnToolsVersion = 7.3.1;
						DevelopmentTeam = 3PTYV272Z4;
						ProvisioningStyle = Automatic;
					};
					520379D11DB26AB400D3B5D3 = {
						CreatedOnToolsVersion = 7.3.1;
						TestTargetID = 520379B51DB26AB400D3B5D3;
					};
					520379DC1DB26AB400D3B5D3 = {
						CreatedOnToolsVersion = 7.3.1;
						TestTargetID = 520379B51DB26AB400D3B5D3;
					};
				};
			};
			buildConfigurationList = 520379B11DB26AB400D3B5D3 /* Build configuration list for PBXProject "Zolotoe_shitvo" */;
			compatibilityVersion = "Xcode 3.2";
			developmentRegion = English;
			hasScannedForEncodings = 0;
			knownRegions = (
				en,
				Base,
			);
			mainGroup = 520379AD1DB26AB400D3B5D3;
			productRefGroup = 520379B71DB26AB400D3B5D3 /* Products */;
			projectDirPath = "";
			projectRoot = "";
			targets = (
				520379B51DB26AB400D3B5D3 /* Zolotoe_shitvo */,
				520379D11DB26AB400D3B5D3 /* Zolotoe_shitvoTests */,
				520379DC1DB26AB400D3B5D3 /* Zolotoe_shitvoUITests */,
			);
		};
/* End PBXProject section */

/* Begin PBXResourcesBuildPhase section */
		520379B41DB26AB400D3B5D3 /* Resources */ = {
			isa = PBXResourcesBuildPhase;
			buildActionMask = 2147483647;
			files = (
				57FD13C91DD1E5E30086AA1E /* Main.storyboard in Resources */,
				520379F21DB4065D00D3B5D3 /* Launch Screen.storyboard in Resources */,
				520379C91DB26AB400D3B5D3 /* Assets.xcassets in Resources */,
				570C6F831DD51A9C007F2855 /* Izhitsa Normal.Ttf in Resources */,
			);
			runOnlyForDeploymentPostprocessing = 0;
		};
		520379D01DB26AB400D3B5D3 /* Resources */ = {
			isa = PBXResourcesBuildPhase;
			buildActionMask = 2147483647;
			files = (
			);
			runOnlyForDeploymentPostprocessing = 0;
		};
		520379DB1DB26AB400D3B5D3 /* Resources */ = {
			isa = PBXResourcesBuildPhase;
			buildActionMask = 2147483647;
			files = (
			);
			runOnlyForDeploymentPostprocessing = 0;
		};
/* End PBXResourcesBuildPhase section */

/* Begin PBXShellScriptBuildPhase section */
		04D1F420C8063F9EB1641C47 /* [CP] Embed Pods Frameworks */ = {
			isa = PBXShellScriptBuildPhase;
			buildActionMask = 2147483647;
			files = (
			);
			inputPaths = (
			);
			name = "[CP] Embed Pods Frameworks";
			outputPaths = (
			);
			runOnlyForDeploymentPostprocessing = 0;
			shellPath = /bin/sh;
			shellScript = "\"${SRCROOT}/Pods/Target Support Files/Pods-Zolotoe_shitvo/Pods-Zolotoe_shitvo-frameworks.sh\"\n";
			showEnvVarsInLog = 0;
		};
		514DC8FADA753561DF0125DE /* [CP] Check Pods Manifest.lock */ = {
			isa = PBXShellScriptBuildPhase;
			buildActionMask = 2147483647;
			files = (
			);
			inputPaths = (
			);
			name = "[CP] Check Pods Manifest.lock";
			outputPaths = (
			);
			runOnlyForDeploymentPostprocessing = 0;
			shellPath = /bin/sh;
			shellScript = "diff \"${PODS_ROOT}/../Podfile.lock\" \"${PODS_ROOT}/Manifest.lock\" > /dev/null\nif [ $? != 0 ] ; then\n    # print error to STDERR\n    echo \"error: The sandbox is not in sync with the Podfile.lock. Run 'pod install' or update your CocoaPods installation.\" >&2\n    exit 1\nfi\n";
			showEnvVarsInLog = 0;
		};
		C203955E35AE2361197B2EAA /* [CP] Copy Pods Resources */ = {
			isa = PBXShellScriptBuildPhase;
			buildActionMask = 2147483647;
			files = (
			);
			inputPaths = (
			);
			name = "[CP] Copy Pods Resources";
			outputPaths = (
			);
			runOnlyForDeploymentPostprocessing = 0;
			shellPath = /bin/sh;
			shellScript = "\"${SRCROOT}/Pods/Target Support Files/Pods-Zolotoe_shitvo/Pods-Zolotoe_shitvo-resources.sh\"\n";
			showEnvVarsInLog = 0;
		};
/* End PBXShellScriptBuildPhase section */

/* Begin PBXSourcesBuildPhase section */
		520379B21DB26AB400D3B5D3 /* Sources */ = {
			isa = PBXSourcesBuildPhase;
			buildActionMask = 2147483647;
			files = (
				527C43721DD773C5005808D1 /* SiSTabBarControllerViewController.m in Sources */,
				5704836D1DD45836000FAD01 /* SiSCategoriesViewController.m in Sources */,
				57023E071DD32A450045FA60 /* SiSProduct.m in Sources */,
				570483741DD46168000FAD01 /* SiSCollectionViewCell.m in Sources */,
				57112AAA1E447B190043209D /* SiSCategoriesViewCell.m in Sources */,
				520379BE1DB26AB400D3B5D3 /* AppDelegate.m in Sources */,
				57112AAD1E447C7A0043209D /* SiSOneCategoryTableViewController.m in Sources */,
				57FD13C71DD1DD410086AA1E /* SiSFirstViewController.m in Sources */,
				520379BB1DB26AB400D3B5D3 /* main.m in Sources */,
				57023DFF1DD31BCB0045FA60 /* SiSServerManager.m in Sources */,
				57023E041DD321F20045FA60 /* SiSPersistentManager.m in Sources */,
				520379C71DB26AB400D3B5D3 /* Zolotoe_shitvo.xcdatamodeld in Sources */,
				527C43781DD797DE005808D1 /* SiSAboutUsViewController.m in Sources */,
				527C43751DD79680005808D1 /* SiSUITabBarItem.m in Sources */,
				52CFB4971E3FC3F100870719 /* SiSContactsViewController.m in Sources */,
			);
			runOnlyForDeploymentPostprocessing = 0;
		};
		520379CE1DB26AB400D3B5D3 /* Sources */ = {
			isa = PBXSourcesBuildPhase;
			buildActionMask = 2147483647;
			files = (
				520379D71DB26AB400D3B5D3 /* Zolotoe_shitvoTests.m in Sources */,
			);
			runOnlyForDeploymentPostprocessing = 0;
		};
		520379D91DB26AB400D3B5D3 /* Sources */ = {
			isa = PBXSourcesBuildPhase;
			buildActionMask = 2147483647;
			files = (
				520379E21DB26AB400D3B5D3 /* Zolotoe_shitvoUITests.m in Sources */,
			);
			runOnlyForDeploymentPostprocessing = 0;
		};
/* End PBXSourcesBuildPhase section */

/* Begin PBXTargetDependency section */
		520379D41DB26AB400D3B5D3 /* PBXTargetDependency */ = {
			isa = PBXTargetDependency;
			target = 520379B51DB26AB400D3B5D3 /* Zolotoe_shitvo */;
			targetProxy = 520379D31DB26AB400D3B5D3 /* PBXContainerItemProxy */;
		};
		520379DF1DB26AB400D3B5D3 /* PBXTargetDependency */ = {
			isa = PBXTargetDependency;
			target = 520379B51DB26AB400D3B5D3 /* Zolotoe_shitvo */;
			targetProxy = 520379DE1DB26AB400D3B5D3 /* PBXContainerItemProxy */;
		};
/* End PBXTargetDependency section */

/* Begin XCBuildConfiguration section */
		520379E41DB26AB400D3B5D3 /* Debug */ = {
			isa = XCBuildConfiguration;
			buildSettings = {
				ALWAYS_SEARCH_USER_PATHS = NO;
				CLANG_ANALYZER_NONNULL = YES;
				CLANG_CXX_LANGUAGE_STANDARD = "gnu++0x";
				CLANG_CXX_LIBRARY = "libc++";
				CLANG_ENABLE_MODULES = YES;
				CLANG_ENABLE_OBJC_ARC = YES;
				CLANG_WARN_BOOL_CONVERSION = YES;
				CLANG_WARN_CONSTANT_CONVERSION = YES;
				CLANG_WARN_DIRECT_OBJC_ISA_USAGE = YES_ERROR;
				CLANG_WARN_EMPTY_BODY = YES;
				CLANG_WARN_ENUM_CONVERSION = YES;
				CLANG_WARN_INFINITE_RECURSION = YES;
				CLANG_WARN_INT_CONVERSION = YES;
				CLANG_WARN_OBJC_ROOT_CLASS = YES_ERROR;
				CLANG_WARN_SUSPICIOUS_MOVE = YES;
				CLANG_WARN_UNREACHABLE_CODE = YES;
				CLANG_WARN__DUPLICATE_METHOD_MATCH = YES;
				"CODE_SIGN_IDENTITY[sdk=iphoneos*]" = "iPhone Developer";
				COPY_PHASE_STRIP = NO;
				DEBUG_INFORMATION_FORMAT = dwarf;
				ENABLE_STRICT_OBJC_MSGSEND = YES;
				ENABLE_TESTABILITY = YES;
				GCC_C_LANGUAGE_STANDARD = gnu99;
				GCC_DYNAMIC_NO_PIC = NO;
				GCC_NO_COMMON_BLOCKS = YES;
				GCC_OPTIMIZATION_LEVEL = 0;
				GCC_PREPROCESSOR_DEFINITIONS = (
					"DEBUG=1",
					"$(inherited)",
				);
				GCC_WARN_64_TO_32_BIT_CONVERSION = YES;
				GCC_WARN_ABOUT_RETURN_TYPE = YES_ERROR;
				GCC_WARN_UNDECLARED_SELECTOR = YES;
				GCC_WARN_UNINITIALIZED_AUTOS = YES_AGGRESSIVE;
				GCC_WARN_UNUSED_FUNCTION = YES;
				GCC_WARN_UNUSED_VARIABLE = YES;
				IPHONEOS_DEPLOYMENT_TARGET = 9.3;
				MTL_ENABLE_DEBUG_INFO = YES;
				ONLY_ACTIVE_ARCH = YES;
				SDKROOT = iphoneos;
				TARGETED_DEVICE_FAMILY = "1,2";
			};
			name = Debug;
		};
		520379E51DB26AB400D3B5D3 /* Release */ = {
			isa = XCBuildConfiguration;
			buildSettings = {
				ALWAYS_SEARCH_USER_PATHS = NO;
				CLANG_ANALYZER_NONNULL = YES;
				CLANG_CXX_LANGUAGE_STANDARD = "gnu++0x";
				CLANG_CXX_LIBRARY = "libc++";
				CLANG_ENABLE_MODULES = YES;
				CLANG_ENABLE_OBJC_ARC = YES;
				CLANG_WARN_BOOL_CONVERSION = YES;
				CLANG_WARN_CONSTANT_CONVERSION = YES;
				CLANG_WARN_DIRECT_OBJC_ISA_USAGE = YES_ERROR;
				CLANG_WARN_EMPTY_BODY = YES;
				CLANG_WARN_ENUM_CONVERSION = YES;
				CLANG_WARN_INFINITE_RECURSION = YES;
				CLANG_WARN_INT_CONVERSION = YES;
				CLANG_WARN_OBJC_ROOT_CLASS = YES_ERROR;
				CLANG_WARN_SUSPICIOUS_MOVE = YES;
				CLANG_WARN_UNREACHABLE_CODE = YES;
				CLANG_WARN__DUPLICATE_METHOD_MATCH = YES;
				"CODE_SIGN_IDENTITY[sdk=iphoneos*]" = "iPhone Developer";
				COPY_PHASE_STRIP = NO;
				DEBUG_INFORMATION_FORMAT = "dwarf-with-dsym";
				ENABLE_NS_ASSERTIONS = NO;
				ENABLE_STRICT_OBJC_MSGSEND = YES;
				GCC_C_LANGUAGE_STANDARD = gnu99;
				GCC_NO_COMMON_BLOCKS = YES;
				GCC_WARN_64_TO_32_BIT_CONVERSION = YES;
				GCC_WARN_ABOUT_RETURN_TYPE = YES_ERROR;
				GCC_WARN_UNDECLARED_SELECTOR = YES;
				GCC_WARN_UNINITIALIZED_AUTOS = YES_AGGRESSIVE;
				GCC_WARN_UNUSED_FUNCTION = YES;
				GCC_WARN_UNUSED_VARIABLE = YES;
				IPHONEOS_DEPLOYMENT_TARGET = 9.3;
				MTL_ENABLE_DEBUG_INFO = NO;
				SDKROOT = iphoneos;
				TARGETED_DEVICE_FAMILY = "1,2";
				VALIDATE_PRODUCT = YES;
			};
			name = Release;
		};
		520379E71DB26AB400D3B5D3 /* Debug */ = {
			isa = XCBuildConfiguration;
			baseConfigurationReference = FA83573B06462A34769ECE95 /* Pods-Zolotoe_shitvo.debug.xcconfig */;
			buildSettings = {
				ASSETCATALOG_COMPILER_APPICON_NAME = AppIcon;
				"CODE_SIGN_IDENTITY[sdk=iphoneos*]" = "iPhone Developer";
				DEVELOPMENT_TEAM = 3PTYV272Z4;
				INFOPLIST_FILE = Zolotoe_shitvo/Info.plist;
				LD_RUNPATH_SEARCH_PATHS = "$(inherited) @executable_path/Frameworks";
				PRODUCT_BUNDLE_IDENTIFIER = "SiS.Zolotoe-shitvo";
				PRODUCT_NAME = "$(TARGET_NAME)";
				TARGETED_DEVICE_FAMILY = 1;
			};
			name = Debug;
		};
		520379E81DB26AB400D3B5D3 /* Release */ = {
			isa = XCBuildConfiguration;
			baseConfigurationReference = 48FF9C07C686B599694D6794 /* Pods-Zolotoe_shitvo.release.xcconfig */;
			buildSettings = {
				ASSETCATALOG_COMPILER_APPICON_NAME = AppIcon;
				"CODE_SIGN_IDENTITY[sdk=iphoneos*]" = "iPhone Developer";
				DEVELOPMENT_TEAM = 3PTYV272Z4;
				INFOPLIST_FILE = Zolotoe_shitvo/Info.plist;
				LD_RUNPATH_SEARCH_PATHS = "$(inherited) @executable_path/Frameworks";
				PRODUCT_BUNDLE_IDENTIFIER = "SiS.Zolotoe-shitvo";
				PRODUCT_NAME = "$(TARGET_NAME)";
				TARGETED_DEVICE_FAMILY = 1;
			};
			name = Release;
		};
		520379EA1DB26AB400D3B5D3 /* Debug */ = {
			isa = XCBuildConfiguration;
			buildSettings = {
				BUNDLE_LOADER = "$(TEST_HOST)";
				INFOPLIST_FILE = Zolotoe_shitvoTests/Info.plist;
				LD_RUNPATH_SEARCH_PATHS = "$(inherited) @executable_path/Frameworks @loader_path/Frameworks";
				PRODUCT_BUNDLE_IDENTIFIER = "SiS.Zolotoe-shitvoTests";
				PRODUCT_NAME = "$(TARGET_NAME)";
				TEST_HOST = "$(BUILT_PRODUCTS_DIR)/Zolotoe_shitvo.app/Zolotoe_shitvo";
			};
			name = Debug;
		};
		520379EB1DB26AB400D3B5D3 /* Release */ = {
			isa = XCBuildConfiguration;
			buildSettings = {
				BUNDLE_LOADER = "$(TEST_HOST)";
				INFOPLIST_FILE = Zolotoe_shitvoTests/Info.plist;
				LD_RUNPATH_SEARCH_PATHS = "$(inherited) @executable_path/Frameworks @loader_path/Frameworks";
				PRODUCT_BUNDLE_IDENTIFIER = "SiS.Zolotoe-shitvoTests";
				PRODUCT_NAME = "$(TARGET_NAME)";
				TEST_HOST = "$(BUILT_PRODUCTS_DIR)/Zolotoe_shitvo.app/Zolotoe_shitvo";
			};
			name = Release;
		};
		520379ED1DB26AB400D3B5D3 /* Debug */ = {
			isa = XCBuildConfiguration;
			buildSettings = {
				INFOPLIST_FILE = Zolotoe_shitvoUITests/Info.plist;
				LD_RUNPATH_SEARCH_PATHS = "$(inherited) @executable_path/Frameworks @loader_path/Frameworks";
				PRODUCT_BUNDLE_IDENTIFIER = "SiS.Zolotoe-shitvoUITests";
				PRODUCT_NAME = "$(TARGET_NAME)";
				TEST_TARGET_NAME = Zolotoe_shitvo;
			};
			name = Debug;
		};
		520379EE1DB26AB400D3B5D3 /* Release */ = {
			isa = XCBuildConfiguration;
			buildSettings = {
				INFOPLIST_FILE = Zolotoe_shitvoUITests/Info.plist;
				LD_RUNPATH_SEARCH_PATHS = "$(inherited) @executable_path/Frameworks @loader_path/Frameworks";
				PRODUCT_BUNDLE_IDENTIFIER = "SiS.Zolotoe-shitvoUITests";
				PRODUCT_NAME = "$(TARGET_NAME)";
				TEST_TARGET_NAME = Zolotoe_shitvo;
			};
			name = Release;
		};
/* End XCBuildConfiguration section */

/* Begin XCConfigurationList section */
		520379B11DB26AB400D3B5D3 /* Build configuration list for PBXProject "Zolotoe_shitvo" */ = {
			isa = XCConfigurationList;
			buildConfigurations = (
				520379E41DB26AB400D3B5D3 /* Debug */,
				520379E51DB26AB400D3B5D3 /* Release */,
			);
			defaultConfigurationIsVisible = 0;
			defaultConfigurationName = Release;
		};
		520379E61DB26AB400D3B5D3 /* Build configuration list for PBXNativeTarget "Zolotoe_shitvo" */ = {
			isa = XCConfigurationList;
			buildConfigurations = (
				520379E71DB26AB400D3B5D3 /* Debug */,
				520379E81DB26AB400D3B5D3 /* Release */,
			);
			defaultConfigurationIsVisible = 0;
			defaultConfigurationName = Release;
		};
		520379E91DB26AB400D3B5D3 /* Build configuration list for PBXNativeTarget "Zolotoe_shitvoTests" */ = {
			isa = XCConfigurationList;
			buildConfigurations = (
				520379EA1DB26AB400D3B5D3 /* Debug */,
				520379EB1DB26AB400D3B5D3 /* Release */,
			);
			defaultConfigurationIsVisible = 0;
			defaultConfigurationName = Release;
		};
		520379EC1DB26AB400D3B5D3 /* Build configuration list for PBXNativeTarget "Zolotoe_shitvoUITests" */ = {
			isa = XCConfigurationList;
			buildConfigurations = (
				520379ED1DB26AB400D3B5D3 /* Debug */,
				520379EE1DB26AB400D3B5D3 /* Release */,
			);
			defaultConfigurationIsVisible = 0;
			defaultConfigurationName = Release;
		};
/* End XCConfigurationList section */

/* Begin XCVersionGroup section */
		520379C51DB26AB400D3B5D3 /* Zolotoe_shitvo.xcdatamodeld */ = {
			isa = XCVersionGroup;
			children = (
				520379C61DB26AB400D3B5D3 /* Zolotoe_shitvo.xcdatamodel */,
			);
			currentVersion = 520379C61DB26AB400D3B5D3 /* Zolotoe_shitvo.xcdatamodel */;
			path = Zolotoe_shitvo.xcdatamodeld;
			sourceTree = "<group>";
			versionGroupType = wrapper.xcdatamodel;
		};
/* End XCVersionGroup section */
	};
	rootObject = 520379AE1DB26AB400D3B5D3 /* Project object */;
}
